{
  "name": "tie_podcast",
  "version": "1.0.0",
  "lockfileVersion": 1,
  "requires": true,
  "dependencies": {
    "bootstrap": {
      "version": "4.4.1",
      "resolved": "https://registry.npmjs.org/bootstrap/-/bootstrap-4.4.1.tgz",
      "integrity": "sha512-tbx5cHubwE6e2ZG7nqM3g/FZ5PQEDMWmMGNrCUBVRPHXTJaH7CBDdsLeu3eCh3B1tzAxTnAbtmrzvWEvT2NNEA=="
    },
    "bootstrap-select": {
      "version": "1.13.16",
      "resolved": "https://registry.npmjs.org/bootstrap-select/-/bootstrap-select-1.13.16.tgz",
      "integrity": "sha512-59hUIrW/ldENJDNmliRH3Mzbbrn+XHH5bK0yAy/743Thf8nXA9afNjgr+j1j6tg7NYexEqtE2N8NodHfwMQ0+Q=="
    },
    "crypto-js": {
      "version": "3.3.0",
      "resolved": "https://registry.npmjs.org/crypto-js/-/crypto-js-3.3.0.tgz",
      "integrity": "sha512-DIT51nX0dCfKltpRiXV+/TVZq+Qq2NgF4644+K7Ttnla7zEzqc+kjJyiB96BHNyUTBxyjzRcZYpUdZa+QAqi6Q=="
    },
    "font-awesome": {
      "version": "4.7.0",
      "resolved": "https://registry.npmjs.org/font-awesome/-/font-awesome-4.7.0.tgz",
      "integrity": "sha1-j6jPBBGhoxr9B7BtKQK7n8gVoTM="
    },
    "font-awesome5": {
      "version": "1.0.5",
      "resolved": "https://registry.npmjs.org/font-awesome5/-/font-awesome5-1.0.5.tgz",
      "integrity": "sha512-wvsUQxU0U5YguItKBxPaZ7eK/I+x/gkTp45xKTpCBFtJtr8z/hUSgm+HtbkOFugVddE0x0UxKAHqOyUMv4yH7A=="
    },
    "jquery": {
      "version": "3.5.0",
      "resolved": "https://registry.npmjs.org/jquery/-/jquery-3.5.0.tgz",
      "integrity": "sha512-Xb7SVYMvygPxbFMpTFQiHh1J7HClEaThguL15N/Gg37Lri/qKyhRGZYzHRyLH8Stq3Aow0LsHO2O2ci86fCrNQ=="
    },
    "js-alert": {
      "version": "1.0.4",
      "resolved": "https://registry.npmjs.org/js-alert/-/js-alert-1.0.4.tgz",
      "integrity": "sha1-I2Lwd8dgR75mWiDpXLyOyYhcP8k="
    },
    "mdbootstrap": {
      "version": "4.17.0",
      "resolved": "https://registry.npmjs.org/mdbootstrap/-/mdbootstrap-4.17.0.tgz",
      "integrity": "sha512-6do9Z49n8jQEe8Il0pHzJ6YIqC8pEWTr83kkAPsuoQbUs9CLjwSmMya/pPZ3pkWd4WRAuwRUTfYKX/LxyBvftg=="
    },
    "popper.js": {
      "version": "1.16.1",
      "resolved": "https://registry.npmjs.org/popper.js/-/popper.js-1.16.1.tgz",
      "integrity": "sha512-Wb4p1J4zyFTbM+u6WuO4XstYx4Ky9Cewe4DWrel7B0w6VVICvPwdOpotjzcf6eD8TsckVnIMNONQyPIUFOUbCQ=="
    }
  }
}
